
Microsoft Visual Studio Solution File, Format Version 12.00
# Visual Studio Version 17
VisualStudioVersion = 17.4.33213.308
MinimumVisualStudioVersion = 10.0.40219.1
Project("{9A19103F-16F7-4668-BE54-9A1E7A4F7556}") = "PersonManagerUI", "PersonManagerUI\PersonManagerUI.csproj", "{4BC2F08D-89D1-4560-90B0-83A3FEF0A1C6}"
EndProject
Project("{9A19103F-16F7-4668-BE54-9A1E7A4F7556}") = "DataAccessLibrary", "DataAccessLibrary\DataAccessLibrary.csproj", "{67F75864-46B8-465F-A2B4-423D8DA043C0}"
EndProject
Project("{2150E333-8FDC-42A3-9474-1A3956D46DE8}") = "DbScripts", "DbScripts", "{1EAA6608-C2EE-4567-ABC6-6FFE9A4BC651}"
	ProjectSection(SolutionItems) = preProject
		DbScripts\PersonManager.sql = DbScripts\PersonManager.sql
	EndProjectSection
EndProject
Project("{9A19103F-16F7-4668-BE54-9A1E7A4F7556}") = "PersonManagerTests", "PersonManagerTests\PersonManagerTests.csproj", "{C6EDFB0D-DD06-4DE3-B270-889BCE328C40}"
EndProject
Project("{2150E333-8FDC-42A3-9474-1A3956D46DE8}") = "src", "src", "{DCAB6A27-DA27-4BFD-8EC0-0FE3477512CB}"
EndProject
Project("{2150E333-8FDC-42A3-9474-1A3956D46DE8}") = "tests", "tests", "{DADE743E-C913-4833-8B13-2410631650F0}"
EndProject
Global
	GlobalSection(SolutionConfigurationPlatforms) = preSolution
		Debug|Any CPU = Debug|Any CPU
		Release|Any CPU = Release|Any CPU
	EndGlobalSection
	GlobalSection(ProjectConfigurationPlatforms) = postSolution
		{4BC2F08D-89D1-4560-90B0-83A3FEF0A1C6}.Debug|Any CPU.ActiveCfg = Debug|Any CPU
		{4BC2F08D-89D1-4560-90B0-83A3FEF0A1C6}.Debug|Any CPU.Build.0 = Debug|Any CPU
		{4BC2F08D-89D1-4560-90B0-83A3FEF0A1C6}.Release|Any CPU.ActiveCfg = Release|Any CPU
		{4BC2F08D-89D1-4560-90B0-83A3FEF0A1C6}.Release|Any CPU.Build.0 = Release|Any CPU
		{67F75864-46B8-465F-A2B4-423D8DA043C0}.Debug|Any CPU.ActiveCfg = Debug|Any CPU
		{67F75864-46B8-465F-A2B4-423D8DA043C0}.Debug|Any CPU.Build.0 = Debug|Any CPU
		{67F75864-46B8-465F-A2B4-423D8DA043C0}.Release|Any CPU.ActiveCfg = Release|Any CPU
		{67F75864-46B8-465F-A2B4-423D8DA043C0}.Release|Any CPU.Build.0 = Release|Any CPU
		{C6EDFB0D-DD06-4DE3-B270-889BCE328C40}.Debug|Any CPU.ActiveCfg = Debug|Any CPU
		{C6EDFB0D-DD06-4DE3-B270-889BCE328C40}.Debug|Any CPU.Build.0 = Debug|Any CPU
		{C6EDFB0D-DD06-4DE3-B270-889BCE328C40}.Release|Any CPU.ActiveCfg = Release|Any CPU
		{C6EDFB0D-DD06-4DE3-B270-889BCE328C40}.Release|Any CPU.Build.0 = Release|Any CPU
	EndGlobalSection
	GlobalSection(SolutionProperties) = preSolution
		HideSolutionNode = FALSE
	EndGlobalSection
	GlobalSection(NestedProjects) = preSolution
		{4BC2F08D-89D1-4560-90B0-83A3FEF0A1C6} = {DCAB6A27-DA27-4BFD-8EC0-0FE3477512CB}
		{67F75864-46B8-465F-A2B4-423D8DA043C0} = {DCAB6A27-DA27-4BFD-8EC0-0FE3477512CB}
		{C6EDFB0D-DD06-4DE3-B270-889BCE328C40} = {DADE743E-C913-4833-8B13-2410631650F0}
	EndGlobalSection
	GlobalSection(ExtensibilityGlobals) = postSolution
		SolutionGuid = {C6C00772-1B73-42B8-B11F-11C344716856}
	EndGlobalSection
EndGlobal
